
Microsoft Visual Studio Solution File, Format Version 12.00
# Visual Studio Version 16
VisualStudioVersion = 16.0.33529.622
MinimumVisualStudioVersion = 10.0.40219.1
Project("{FAE04EC0-301F-11D3-BF4B-00C04F79EFBC}") = "Final Project", "Final Project\Final Project.csproj", "{CC13FD5D-3C4C-4AD7-8A43-02765DC22C86}"
EndProject
Global
	GlobalSection(SolutionConfigurationPlatforms) = preSolution
		Debug|Any CPU = Debug|Any CPU
		Release|Any CPU = Release|Any CPU
	EndGlobalSection
	GlobalSection(ProjectConfigurationPlatforms) = postSolution
		{CC13FD5D-3C4C-4AD7-8A43-02765DC22C86}.Debug|Any CPU.ActiveCfg = Debug|Any CPU
		{CC13FD5D-3C4C-4AD7-8A43-02765DC22C86}.Debug|Any CPU.Build.0 = Debug|Any CPU
		{CC13FD5D-3C4C-4AD7-8A43-02765DC22C86}.Release|Any CPU.ActiveCfg = Release|Any CPU
		{CC13FD5D-3C4C-4AD7-8A43-02765DC22C86}.Release|Any CPU.Build.0 = Release|Any CPU
	EndGlobalSection
	GlobalSection(SolutionProperties) = preSolution
		HideSolutionNode = FALSE
	EndGlobalSection
	GlobalSection(ExtensibilityGlobals) = postSolution
		SolutionGuid = {1F26C78F-473F-4AA9-88CC-39885FE7FF10}
	EndGlobalSection
EndGlobal
